
Microsoft Visual Studio Solution File, Format Version 9.00
# Visual Studio 2005
Project("{FAE04EC0-301F-11D3-BF4B-00C04F79EFBC}") = "space", "space\space.csproj", "{F5097652-BE9D-4818-B625-99EC09A8AFBA}"
EndProject
Global
	GlobalSection(SolutionConfigurationPlatforms) = preSolution
		Debug|x86 = Debug|x86
		Release|x86 = Release|x86
	EndGlobalSection
	GlobalSection(ProjectConfigurationPlatforms) = postSolution
		{F5097652-BE9D-4818-B625-99EC09A8AFBA}.Debug|x86.ActiveCfg = Debug|x86
		{F5097652-BE9D-4818-B625-99EC09A8AFBA}.Debug|x86.Build.0 = Debug|x86
		{F5097652-BE9D-4818-B625-99EC09A8AFBA}.Release|x86.ActiveCfg = Release|x86
		{F5097652-BE9D-4818-B625-99EC09A8AFBA}.Release|x86.Build.0 = Release|x86
	EndGlobalSection
	GlobalSection(MonoDevelopProperties) = preSolution
		StartupItem = space\space.csproj
	EndGlobalSection
EndGlobal
